// !$*UTF8*$!
{
	archiveVersion = 1;
	classes = {
	};
	objectVersion = 51;
	objects = {

/* Begin PBXBuildFile section */
		38F69559F30551E7F1D016C4 /* Pods_AlarmTest.framework in Frameworks */ = {isa = PBXBuildFile; fileRef = AC3194B7C338C1C60336023B /* Pods_AlarmTest.framework */; };
		420146612487EAD30085235E /* GoogleService-Info.plist in Resources */ = {isa = PBXBuildFile; fileRef = 420146602487EAD30085235E /* GoogleService-Info.plist */; };
		420146632487EE800085235E /* SessionStore.swift in Sources */ = {isa = PBXBuildFile; fileRef = 420146622487EE800085235E /* SessionStore.swift */; };
		420146652487F0460085235E /* SignUpView.swift in Sources */ = {isa = PBXBuildFile; fileRef = 420146642487F0460085235E /* SignUpView.swift */; };
		420146672487F2EA0085235E /* Home.swift in Sources */ = {isa = PBXBuildFile; fileRef = 420146662487F2EA0085235E /* Home.swift */; };
		420146692487FAA40085235E /* UserProfile.swift in Sources */ = {isa = PBXBuildFile; fileRef = 420146682487FAA40085235E /* UserProfile.swift */; };
		4201466B24882AFF0085235E /* Login.swift in Sources */ = {isa = PBXBuildFile; fileRef = 4201466A24882AFF0085235E /* Login.swift */; };
		4201466D24882BE60085235E /* SignInView.swift in Sources */ = {isa = PBXBuildFile; fileRef = 4201466C24882BE60085235E /* SignInView.swift */; };
		4201466F2488916B0085235E /* FirstLaunch.swift in Sources */ = {isa = PBXBuildFile; fileRef = 4201466E2488916B0085235E /* FirstLaunch.swift */; };
		4286101C24896D830098A8A5 /* Welcome.swift in Sources */ = {isa = PBXBuildFile; fileRef = 4286101B24896D830098A8A5 /* Welcome.swift */; };
		428A12AF2482BED50037E349 /* joinMenu.swift in Sources */ = {isa = PBXBuildFile; fileRef = 428A12AE2482BED50037E349 /* joinMenu.swift */; };
		428A12B12482F4660037E349 /* alarmSet.swift in Sources */ = {isa = PBXBuildFile; fileRef = 428A12B02482F4660037E349 /* alarmSet.swift */; };
		428A12B3248307420037E349 /* charitySelection.swift in Sources */ = {isa = PBXBuildFile; fileRef = 428A12B2248307420037E349 /* charitySelection.swift */; };
		428DF1E524857E6A0014D822 /* resultsPreview.swift in Sources */ = {isa = PBXBuildFile; fileRef = 428DF1E424857E6A0014D822 /* resultsPreview.swift */; };
		42C4BD06248159B100148A81 /* BtnStyles.swift in Sources */ = {isa = PBXBuildFile; fileRef = 42C4BD05248159B100148A81 /* BtnStyles.swift */; };
		42C4BD0A2481625100148A81 /* alarm_sound_lady_gaga.mp3 in Resources */ = {isa = PBXBuildFile; fileRef = 42C4BD092481625100148A81 /* alarm_sound_lady_gaga.mp3 */; };
		42C4BD0C2481642C00148A81 /* alarm_sound_long.mp3 in Resources */ = {isa = PBXBuildFile; fileRef = 42C4BD0B2481642C00148A81 /* alarm_sound_long.mp3 */; };
		42C4BD182481919900148A81 /* WakeUpClock.swift in Sources */ = {isa = PBXBuildFile; fileRef = 42C4BD162481919900148A81 /* WakeUpClock.swift */; };
		42C4BD192481919900148A81 /* DigitalClock.swift in Sources */ = {isa = PBXBuildFile; fileRef = 42C4BD172481919900148A81 /* DigitalClock.swift */; };
		42C4BD1D2481B20700148A81 /* RealTime.swift in Sources */ = {isa = PBXBuildFile; fileRef = 42C4BD1C2481B20700148A81 /* RealTime.swift */; };
		42F4A4A7248066F80099F574 /* AppDelegate.swift in Sources */ = {isa = PBXBuildFile; fileRef = 42F4A4A6248066F80099F574 /* AppDelegate.swift */; };
		42F4A4A9248066F80099F574 /* SceneDelegate.swift in Sources */ = {isa = PBXBuildFile; fileRef = 42F4A4A8248066F80099F574 /* SceneDelegate.swift */; };
		42F4A4AB248066F80099F574 /* ContentView.swift in Sources */ = {isa = PBXBuildFile; fileRef = 42F4A4AA248066F80099F574 /* ContentView.swift */; };
		42F4A4AD248066FA0099F574 /* Assets.xcassets in Resources */ = {isa = PBXBuildFile; fileRef = 42F4A4AC248066FA0099F574 /* Assets.xcassets */; };
		42F4A4B0248066FA0099F574 /* Preview Assets.xcassets in Resources */ = {isa = PBXBuildFile; fileRef = 42F4A4AF248066FA0099F574 /* Preview Assets.xcassets */; };
		42F4A4B3248066FA0099F574 /* LaunchScreen.storyboard in Resources */ = {isa = PBXBuildFile; fileRef = 42F4A4B1248066FA0099F574 /* LaunchScreen.storyboard */; };
		5D80AA2024860A4500B3769B /* alarmMain.wav in Resources */ = {isa = PBXBuildFile; fileRef = 5D80AA1F24860A4500B3769B /* alarmMain.wav */; };
/* End PBXBuildFile section */

/* Begin PBXFileReference section */
		28AD37C26B9C49634DCA4A45 /* Pods-AlarmTest.debug.xcconfig */ = {isa = PBXFileReference; includeInIndex = 1; lastKnownFileType = text.xcconfig; name = "Pods-AlarmTest.debug.xcconfig"; path = "Target Support Files/Pods-AlarmTest/Pods-AlarmTest.debug.xcconfig"; sourceTree = "<group>"; };
		420146602487EAD30085235E /* GoogleService-Info.plist */ = {isa = PBXFileReference; fileEncoding = 4; lastKnownFileType = text.plist.xml; path = "GoogleService-Info.plist"; sourceTree = "<group>"; };
		420146622487EE800085235E /* SessionStore.swift */ = {isa = PBXFileReference; lastKnownFileType = sourcecode.swift; path = SessionStore.swift; sourceTree = "<group>"; };
		420146642487F0460085235E /* SignUpView.swift */ = {isa = PBXFileReference; lastKnownFileType = sourcecode.swift; path = SignUpView.swift; sourceTree = "<group>"; };
		420146662487F2EA0085235E /* Home.swift */ = {isa = PBXFileReference; lastKnownFileType = sourcecode.swift; path = Home.swift; sourceTree = "<group>"; };
		420146682487FAA40085235E /* UserProfile.swift */ = {isa = PBXFileReference; lastKnownFileType = sourcecode.swift; path = UserProfile.swift; sourceTree = "<group>"; };
		4201466A24882AFF0085235E /* Login.swift */ = {isa = PBXFileReference; lastKnownFileType = sourcecode.swift; path = Login.swift; sourceTree = "<group>"; };
		4201466C24882BE60085235E /* SignInView.swift */ = {isa = PBXFileReference; lastKnownFileType = sourcecode.swift; path = SignInView.swift; sourceTree = "<group>"; };
		4201466E2488916B0085235E /* FirstLaunch.swift */ = {isa = PBXFileReference; lastKnownFileType = sourcecode.swift; path = FirstLaunch.swift; sourceTree = "<group>"; };
		4286101B24896D830098A8A5 /* Welcome.swift */ = {isa = PBXFileReference; lastKnownFileType = sourcecode.swift; path = Welcome.swift; sourceTree = "<group>"; };
		428A12AE2482BED50037E349 /* joinMenu.swift */ = {isa = PBXFileReference; lastKnownFileType = sourcecode.swift; path = joinMenu.swift; sourceTree = "<group>"; };
		428A12B02482F4660037E349 /* alarmSet.swift */ = {isa = PBXFileReference; lastKnownFileType = sourcecode.swift; path = alarmSet.swift; sourceTree = "<group>"; };
		428A12B2248307420037E349 /* charitySelection.swift */ = {isa = PBXFileReference; lastKnownFileType = sourcecode.swift; path = charitySelection.swift; sourceTree = "<group>"; };
		428DF1E424857E6A0014D822 /* resultsPreview.swift */ = {isa = PBXFileReference; lastKnownFileType = sourcecode.swift; path = resultsPreview.swift; sourceTree = "<group>"; };
		42C4BD05248159B100148A81 /* BtnStyles.swift */ = {isa = PBXFileReference; lastKnownFileType = sourcecode.swift; path = BtnStyles.swift; sourceTree = "<group>"; };
		42C4BD092481625100148A81 /* alarm_sound_lady_gaga.mp3 */ = {isa = PBXFileReference; lastKnownFileType = audio.mp3; path = alarm_sound_lady_gaga.mp3; sourceTree = "<group>"; };
		42C4BD0B2481642C00148A81 /* alarm_sound_long.mp3 */ = {isa = PBXFileReference; lastKnownFileType = audio.mp3; path = alarm_sound_long.mp3; sourceTree = "<group>"; };
		42C4BD162481919900148A81 /* WakeUpClock.swift */ = {isa = PBXFileReference; fileEncoding = 4; lastKnownFileType = sourcecode.swift; path = WakeUpClock.swift; sourceTree = "<group>"; };
		42C4BD172481919900148A81 /* DigitalClock.swift */ = {isa = PBXFileReference; fileEncoding = 4; lastKnownFileType = sourcecode.swift; path = DigitalClock.swift; sourceTree = "<group>"; };
		42C4BD1C2481B20700148A81 /* RealTime.swift */ = {isa = PBXFileReference; lastKnownFileType = sourcecode.swift; path = RealTime.swift; sourceTree = "<group>"; };
		42F4A4A3248066F80099F574 /* AlarmTest.app */ = {isa = PBXFileReference; explicitFileType = wrapper.application; includeInIndex = 0; path = AlarmTest.app; sourceTree = BUILT_PRODUCTS_DIR; };
		42F4A4A6248066F80099F574 /* AppDelegate.swift */ = {isa = PBXFileReference; lastKnownFileType = sourcecode.swift; path = AppDelegate.swift; sourceTree = "<group>"; };
		42F4A4A8248066F80099F574 /* SceneDelegate.swift */ = {isa = PBXFileReference; lastKnownFileType = sourcecode.swift; path = SceneDelegate.swift; sourceTree = "<group>"; };
		42F4A4AA248066F80099F574 /* ContentView.swift */ = {isa = PBXFileReference; lastKnownFileType = sourcecode.swift; path = ContentView.swift; sourceTree = "<group>"; };
		42F4A4AC248066FA0099F574 /* Assets.xcassets */ = {isa = PBXFileReference; lastKnownFileType = folder.assetcatalog; path = Assets.xcassets; sourceTree = "<group>"; };
		42F4A4AF248066FA0099F574 /* Preview Assets.xcassets */ = {isa = PBXFileReference; lastKnownFileType = folder.assetcatalog; path = "Preview Assets.xcassets"; sourceTree = "<group>"; };
		42F4A4B2248066FA0099F574 /* Base */ = {isa = PBXFileReference; lastKnownFileType = file.storyboard; name = Base; path = Base.lproj/LaunchScreen.storyboard; sourceTree = "<group>"; };
		42F4A4B4248066FA0099F574 /* Info.plist */ = {isa = PBXFileReference; lastKnownFileType = text.plist.xml; path = Info.plist; sourceTree = "<group>"; };
		5D80AA1F24860A4500B3769B /* alarmMain.wav */ = {isa = PBXFileReference; lastKnownFileType = audio.wav; path = alarmMain.wav; sourceTree = "<group>"; };
		5F55915293B01E98A7967BC4 /* Pods-AlarmTest.release.xcconfig */ = {isa = PBXFileReference; includeInIndex = 1; lastKnownFileType = text.xcconfig; name = "Pods-AlarmTest.release.xcconfig"; path = "Target Support Files/Pods-AlarmTest/Pods-AlarmTest.release.xcconfig"; sourceTree = "<group>"; };
		AC3194B7C338C1C60336023B /* Pods_AlarmTest.framework */ = {isa = PBXFileReference; explicitFileType = wrapper.framework; includeInIndex = 0; path = Pods_AlarmTest.framework; sourceTree = BUILT_PRODUCTS_DIR; };
/* End PBXFileReference section */

/* Begin PBXFrameworksBuildPhase section */
		42F4A4A0248066F80099F574 /* Frameworks */ = {
			isa = PBXFrameworksBuildPhase;
			buildActionMask = 2147483647;
			files = (
				38F69559F30551E7F1D016C4 /* Pods_AlarmTest.framework in Frameworks */,
			);
			runOnlyForDeploymentPostprocessing = 0;
		};
/* End PBXFrameworksBuildPhase section */

/* Begin PBXGroup section */
		33216734EACAEDC6F173E48C /* Pods */ = {
			isa = PBXGroup;
			children = (
				28AD37C26B9C49634DCA4A45 /* Pods-AlarmTest.debug.xcconfig */,
				5F55915293B01E98A7967BC4 /* Pods-AlarmTest.release.xcconfig */,
			);
			path = Pods;
			sourceTree = "<group>";
		};
		420146732489407E0085235E /* Login */ = {
			isa = PBXGroup;
			children = (
				4201466A24882AFF0085235E /* Login.swift */,
				420146642487F0460085235E /* SignUpView.swift */,
				4201466C24882BE60085235E /* SignInView.swift */,
				420146622487EE800085235E /* SessionStore.swift */,
			);
			path = Login;
			sourceTree = "<group>";
		};
		42014674248941590085235E /* FirstLaunch */ = {
			isa = PBXGroup;
			children = (
				4201466E2488916B0085235E /* FirstLaunch.swift */,
				4286101B24896D830098A8A5 /* Welcome.swift */,
			);
			path = FirstLaunch;
			sourceTree = "<group>";
		};
		420146752489419E0085235E /* Home */ = {
			isa = PBXGroup;
			children = (
				42C4BD05248159B100148A81 /* BtnStyles.swift */,
				428A12AE2482BED50037E349 /* joinMenu.swift */,
				428A12B02482F4660037E349 /* alarmSet.swift */,
				428A12B2248307420037E349 /* charitySelection.swift */,
				428DF1E424857E6A0014D822 /* resultsPreview.swift */,
				420146662487F2EA0085235E /* Home.swift */,
				420146682487FAA40085235E /* UserProfile.swift */,
			);
			path = Home;
			sourceTree = "<group>";
		};
		42C4BD0F24818F4600148A81 /* AlarmSounds */ = {
			isa = PBXGroup;
			children = (
				42C4BD0B2481642C00148A81 /* alarm_sound_long.mp3 */,
				42C4BD092481625100148A81 /* alarm_sound_lady_gaga.mp3 */,
				5D80AA1F24860A4500B3769B /* alarmMain.wav */,
			);
			path = AlarmSounds;
			sourceTree = "<group>";
		};
		42C4BD1024818F6400148A81 /* ClockViews */ = {
			isa = PBXGroup;
			children = (
				42C4BD172481919900148A81 /* DigitalClock.swift */,
				42C4BD162481919900148A81 /* WakeUpClock.swift */,
			);
			path = ClockViews;
			sourceTree = "<group>";
		};
		42F4A49A248066F80099F574 = {
			isa = PBXGroup;
			children = (
				42F4A4A5248066F80099F574 /* AlarmTest */,
				42F4A4A4248066F80099F574 /* Products */,
				33216734EACAEDC6F173E48C /* Pods */,
				786F9B4F33FF0A8B95D56D78 /* Frameworks */,
			);
			sourceTree = "<group>";
		};
		42F4A4A4248066F80099F574 /* Products */ = {
			isa = PBXGroup;
			children = (
				42F4A4A3248066F80099F574 /* AlarmTest.app */,
			);
			name = Products;
			sourceTree = "<group>";
		};
		42F4A4A5248066F80099F574 /* AlarmTest */ = {
			isa = PBXGroup;
			children = (
				420146752489419E0085235E /* Home */,
				42014674248941590085235E /* FirstLaunch */,
				420146732489407E0085235E /* Login */,
				42F4A4A6248066F80099F574 /* AppDelegate.swift */,
				42F4A4A8248066F80099F574 /* SceneDelegate.swift */,
				42F4A4AA248066F80099F574 /* ContentView.swift */,
				42C4BD1C2481B20700148A81 /* RealTime.swift */,
				42C4BD1024818F6400148A81 /* ClockViews */,
				42F4A4AC248066FA0099F574 /* Assets.xcassets */,
				420146602487EAD30085235E /* GoogleService-Info.plist */,
				42F4A4B1248066FA0099F574 /* LaunchScreen.storyboard */,
				42F4A4B4248066FA0099F574 /* Info.plist */,
				42C4BD0F24818F4600148A81 /* AlarmSounds */,
				42F4A4AE248066FA0099F574 /* Preview Content */,
			);
			path = AlarmTest;
			sourceTree = "<group>";
		};
		42F4A4AE248066FA0099F574 /* Preview Content */ = {
			isa = PBXGroup;
			children = (
				42F4A4AF248066FA0099F574 /* Preview Assets.xcassets */,
			);
			path = "Preview Content";
			sourceTree = "<group>";
		};
		786F9B4F33FF0A8B95D56D78 /* Frameworks */ = {
			isa = PBXGroup;
			children = (
				AC3194B7C338C1C60336023B /* Pods_AlarmTest.framework */,
			);
			name = Frameworks;
			sourceTree = "<group>";
		};
/* End PBXGroup section */

/* Begin PBXNativeTarget section */
		42F4A4A2248066F80099F574 /* AlarmTest */ = {
			isa = PBXNativeTarget;
			buildConfigurationList = 42F4A4B7248066FA0099F574 /* Build configuration list for PBXNativeTarget "AlarmTest" */;
			buildPhases = (
				40E997B438B01B660A377FE8 /* [CP] Check Pods Manifest.lock */,
				42F4A49F248066F80099F574 /* Sources */,
				42F4A4A0248066F80099F574 /* Frameworks */,
				42F4A4A1248066F80099F574 /* Resources */,
				99B817C76015BA6A821F06BF /* [CP] Embed Pods Frameworks */,
				ED7AA6232BA0EBE041952101 /* [CP] Copy Pods Resources */,
			);
			buildRules = (
			);
			dependencies = (
			);
			name = AlarmTest;
			productName = AlarmTest;
			productReference = 42F4A4A3248066F80099F574 /* AlarmTest.app */;
			productType = "com.apple.product-type.application";
		};
/* End PBXNativeTarget section */

/* Begin PBXProject section */
		42F4A49B248066F80099F574 /* Project object */ = {
			isa = PBXProject;
			attributes = {
				LastSwiftUpdateCheck = 1150;
				LastUpgradeCheck = 1150;
				ORGANIZATIONNAME = "Joshua Segal";
				TargetAttributes = {
					42F4A4A2248066F80099F574 = {
						CreatedOnToolsVersion = 11.5;
					};
				};
			};
			buildConfigurationList = 42F4A49E248066F80099F574 /* Build configuration list for PBXProject "AlarmTest" */;
			compatibilityVersion = "Xcode 9.3";
			developmentRegion = en;
			hasScannedForEncodings = 0;
			knownRegions = (
				en,
				Base,
			);
			mainGroup = 42F4A49A248066F80099F574;
			productRefGroup = 42F4A4A4248066F80099F574 /* Products */;
			projectDirPath = "";
			projectRoot = "";
			targets = (
				42F4A4A2248066F80099F574 /* AlarmTest */,
			);
		};
/* End PBXProject section */

/* Begin PBXResourcesBuildPhase section */
		42F4A4A1248066F80099F574 /* Resources */ = {
			isa = PBXResourcesBuildPhase;
			buildActionMask = 2147483647;
			files = (
				42C4BD0A2481625100148A81 /* alarm_sound_lady_gaga.mp3 in Resources */,
				5D80AA2024860A4500B3769B /* alarmMain.wav in Resources */,
				42F4A4B3248066FA0099F574 /* LaunchScreen.storyboard in Resources */,
				42F4A4B0248066FA0099F574 /* Preview Assets.xcassets in Resources */,
				420146612487EAD30085235E /* GoogleService-Info.plist in Resources */,
				42C4BD0C2481642C00148A81 /* alarm_sound_long.mp3 in Resources */,
				42F4A4AD248066FA0099F574 /* Assets.xcassets in Resources */,
			);
			runOnlyForDeploymentPostprocessing = 0;
		};
/* End PBXResourcesBuildPhase section */

/* Begin PBXShellScriptBuildPhase section */
		40E997B438B01B660A377FE8 /* [CP] Check Pods Manifest.lock */ = {
			isa = PBXShellScriptBuildPhase;
			buildActionMask = 2147483647;
			files = (
			);
			inputFileListPaths = (
			);
			inputPaths = (
				"${PODS_PODFILE_DIR_PATH}/Podfile.lock",
				"${PODS_ROOT}/Manifest.lock",
			);
			name = "[CP] Check Pods Manifest.lock";
			outputFileListPaths = (
			);
			outputPaths = (
				"$(DERIVED_FILE_DIR)/Pods-AlarmTest-checkManifestLockResult.txt",
			);
			runOnlyForDeploymentPostprocessing = 0;
			shellPath = /bin/sh;
			shellScript = "diff \"${PODS_PODFILE_DIR_PATH}/Podfile.lock\" \"${PODS_ROOT}/Manifest.lock\" > /dev/null\nif [ $? != 0 ] ; then\n    # print error to STDERR\n    echo \"error: The sandbox is not in sync with the Podfile.lock. Run 'pod install' or update your CocoaPods installation.\" >&2\n    exit 1\nfi\n# This output is used by Xcode 'outputs' to avoid re-running this script phase.\necho \"SUCCESS\" > \"${SCRIPT_OUTPUT_FILE_0}\"\n";
			showEnvVarsInLog = 0;
		};
		99B817C76015BA6A821F06BF /* [CP] Embed Pods Frameworks */ = {
			isa = PBXShellScriptBuildPhase;
			buildActionMask = 2147483647;
			files = (
			);
			inputFileListPaths = (
				"${PODS_ROOT}/Target Support Files/Pods-AlarmTest/Pods-AlarmTest-frameworks-${CONFIGURATION}-input-files.xcfilelist",
			);
			name = "[CP] Embed Pods Frameworks";
			outputFileListPaths = (
				"${PODS_ROOT}/Target Support Files/Pods-AlarmTest/Pods-AlarmTest-frameworks-${CONFIGURATION}-output-files.xcfilelist",
			);
			runOnlyForDeploymentPostprocessing = 0;
			shellPath = /bin/sh;
			shellScript = "\"${PODS_ROOT}/Target Support Files/Pods-AlarmTest/Pods-AlarmTest-frameworks.sh\"\n";
			showEnvVarsInLog = 0;
		};
		ED7AA6232BA0EBE041952101 /* [CP] Copy Pods Resources */ = {
			isa = PBXShellScriptBuildPhase;
			buildActionMask = 2147483647;
			files = (
			);
			inputFileListPaths = (
				"${PODS_ROOT}/Target Support Files/Pods-AlarmTest/Pods-AlarmTest-resources-${CONFIGURATION}-input-files.xcfilelist",
			);
			name = "[CP] Copy Pods Resources";
			outputFileListPaths = (
				"${PODS_ROOT}/Target Support Files/Pods-AlarmTest/Pods-AlarmTest-resources-${CONFIGURATION}-output-files.xcfilelist",
			);
			runOnlyForDeploymentPostprocessing = 0;
			shellPath = /bin/sh;
			shellScript = "\"${PODS_ROOT}/Target Support Files/Pods-AlarmTest/Pods-AlarmTest-resources.sh\"\n";
			showEnvVarsInLog = 0;
		};
/* End PBXShellScriptBuildPhase section */

/* Begin PBXSourcesBuildPhase section */
		42F4A49F248066F80099F574 /* Sources */ = {
			isa = PBXSourcesBuildPhase;
			buildActionMask = 2147483647;
			files = (
				428A12B3248307420037E349 /* charitySelection.swift in Sources */,
				428A12AF2482BED50037E349 /* joinMenu.swift in Sources */,
				420146692487FAA40085235E /* UserProfile.swift in Sources */,
				420146632487EE800085235E /* SessionStore.swift in Sources */,
				42F4A4A7248066F80099F574 /* AppDelegate.swift in Sources */,
				42C4BD192481919900148A81 /* DigitalClock.swift in Sources */,
				4201466D24882BE60085235E /* SignInView.swift in Sources */,
				42F4A4A9248066F80099F574 /* SceneDelegate.swift in Sources */,
				428A12B12482F4660037E349 /* alarmSet.swift in Sources */,
				42C4BD1D2481B20700148A81 /* RealTime.swift in Sources */,
				420146672487F2EA0085235E /* Home.swift in Sources */,
				42C4BD182481919900148A81 /* WakeUpClock.swift in Sources */,
				42F4A4AB248066F80099F574 /* ContentView.swift in Sources */,
				428DF1E524857E6A0014D822 /* resultsPreview.swift in Sources */,
				420146652487F0460085235E /* SignUpView.swift in Sources */,
				4286101C24896D830098A8A5 /* Welcome.swift in Sources */,
				4201466F2488916B0085235E /* FirstLaunch.swift in Sources */,
				42C4BD06248159B100148A81 /* BtnStyles.swift in Sources */,
				4201466B24882AFF0085235E /* Login.swift in Sources */,
			);
			runOnlyForDeploymentPostprocessing = 0;
		};
/* End PBXSourcesBuildPhase section */

/* Begin PBXVariantGroup section */
		42F4A4B1248066FA0099F574 /* LaunchScreen.storyboard */ = {
			isa = PBXVariantGroup;
			children = (
				42F4A4B2248066FA0099F574 /* Base */,
			);
			name = LaunchScreen.storyboard;
			sourceTree = "<group>";
		};
/* End PBXVariantGroup section */

/* Begin XCBuildConfiguration section */
		42F4A4B5248066FA0099F574 /* Debug */ = {
			isa = XCBuildConfiguration;
			buildSettings = {
				ALWAYS_SEARCH_USER_PATHS = NO;
				CLANG_ANALYZER_NONNULL = YES;
				CLANG_ANALYZER_NUMBER_OBJECT_CONVERSION = YES_AGGRESSIVE;
				CLANG_CXX_LANGUAGE_STANDARD = "gnu++14";
				CLANG_CXX_LIBRARY = "libc++";
				CLANG_ENABLE_MODULES = YES;
				CLANG_ENABLE_OBJC_ARC = YES;
				CLANG_ENABLE_OBJC_WEAK = YES;
				CLANG_WARN_BLOCK_CAPTURE_AUTORELEASING = YES;
				CLANG_WARN_BOOL_CONVERSION = YES;
				CLANG_WARN_COMMA = YES;
				CLANG_WARN_CONSTANT_CONVERSION = YES;
				CLANG_WARN_DEPRECATED_OBJC_IMPLEMENTATIONS = YES;
				CLANG_WARN_DIRECT_OBJC_ISA_USAGE = YES_ERROR;
				CLANG_WARN_DOCUMENTATION_COMMENTS = YES;
				CLANG_WARN_EMPTY_BODY = YES;
				CLANG_WARN_ENUM_CONVERSION = YES;
				CLANG_WARN_INFINITE_RECURSION = YES;
				CLANG_WARN_INT_CONVERSION = YES;
				CLANG_WARN_NON_LITERAL_NULL_CONVERSION = YES;
				CLANG_WARN_OBJC_IMPLICIT_RETAIN_SELF = YES;
				CLANG_WARN_OBJC_LITERAL_CONVERSION = YES;
				CLANG_WARN_OBJC_ROOT_CLASS = YES_ERROR;
				CLANG_WARN_RANGE_LOOP_ANALYSIS = YES;
				CLANG_WARN_STRICT_PROTOTYPES = YES;
				CLANG_WARN_SUSPICIOUS_MOVE = YES;
				CLANG_WARN_UNGUARDED_AVAILABILITY = YES_AGGRESSIVE;
				CLANG_WARN_UNREACHABLE_CODE = YES;
				CLANG_WARN__DUPLICATE_METHOD_MATCH = YES;
				COPY_PHASE_STRIP = NO;
				DEBUG_INFORMATION_FORMAT = dwarf;
				ENABLE_STRICT_OBJC_MSGSEND = YES;
				ENABLE_TESTABILITY = YES;
				GCC_C_LANGUAGE_STANDARD = gnu11;
				GCC_DYNAMIC_NO_PIC = NO;
				GCC_NO_COMMON_BLOCKS = YES;
				GCC_OPTIMIZATION_LEVEL = 0;
				GCC_PREPROCESSOR_DEFINITIONS = (
					"DEBUG=1",
					"$(inherited)",
				);
				GCC_WARN_64_TO_32_BIT_CONVERSION = YES;
				GCC_WARN_ABOUT_RETURN_TYPE = YES_ERROR;
				GCC_WARN_UNDECLARED_SELECTOR = YES;
				GCC_WARN_UNINITIALIZED_AUTOS = YES_AGGRESSIVE;
				GCC_WARN_UNUSED_FUNCTION = YES;
				GCC_WARN_UNUSED_VARIABLE = YES;
				IPHONEOS_DEPLOYMENT_TARGET = 13.5;
				MTL_ENABLE_DEBUG_INFO = INCLUDE_SOURCE;
				MTL_FAST_MATH = YES;
				ONLY_ACTIVE_ARCH = YES;
				SDKROOT = iphoneos;
				SWIFT_ACTIVE_COMPILATION_CONDITIONS = DEBUG;
				SWIFT_OPTIMIZATION_LEVEL = "-Onone";
			};
			name = Debug;
		};
		42F4A4B6248066FA0099F574 /* Release */ = {
			isa = XCBuildConfiguration;
			buildSettings = {
				ALWAYS_SEARCH_USER_PATHS = NO;
				CLANG_ANALYZER_NONNULL = YES;
				CLANG_ANALYZER_NUMBER_OBJECT_CONVERSION = YES_AGGRESSIVE;
				CLANG_CXX_LANGUAGE_STANDARD = "gnu++14";
				CLANG_CXX_LIBRARY = "libc++";
				CLANG_ENABLE_MODULES = YES;
				CLANG_ENABLE_OBJC_ARC = YES;
				CLANG_ENABLE_OBJC_WEAK = YES;
				CLANG_WARN_BLOCK_CAPTURE_AUTORELEASING = YES;
				CLANG_WARN_BOOL_CONVERSION = YES;
				CLANG_WARN_COMMA = YES;
				CLANG_WARN_CONSTANT_CONVERSION = YES;
				CLANG_WARN_DEPRECATED_OBJC_IMPLEMENTATIONS = YES;
				CLANG_WARN_DIRECT_OBJC_ISA_USAGE = YES_ERROR;
				CLANG_WARN_DOCUMENTATION_COMMENTS = YES;
				CLANG_WARN_EMPTY_BODY = YES;
				CLANG_WARN_ENUM_CONVERSION = YES;
				CLANG_WARN_INFINITE_RECURSION = YES;
				CLANG_WARN_INT_CONVERSION = YES;
				CLANG_WARN_NON_LITERAL_NULL_CONVERSION = YES;
				CLANG_WARN_OBJC_IMPLICIT_RETAIN_SELF = YES;
				CLANG_WARN_OBJC_LITERAL_CONVERSION = YES;
				CLANG_WARN_OBJC_ROOT_CLASS = YES_ERROR;
				CLANG_WARN_RANGE_LOOP_ANALYSIS = YES;
				CLANG_WARN_STRICT_PROTOTYPES = YES;
				CLANG_WARN_SUSPICIOUS_MOVE = YES;
				CLANG_WARN_UNGUARDED_AVAILABILITY = YES_AGGRESSIVE;
				CLANG_WARN_UNREACHABLE_CODE = YES;
				CLANG_WARN__DUPLICATE_METHOD_MATCH = YES;
				COPY_PHASE_STRIP = NO;
				DEBUG_INFORMATION_FORMAT = "dwarf-with-dsym";
				ENABLE_NS_ASSERTIONS = NO;
				ENABLE_STRICT_OBJC_MSGSEND = YES;
				GCC_C_LANGUAGE_STANDARD = gnu11;
				GCC_NO_COMMON_BLOCKS = YES;
				GCC_WARN_64_TO_32_BIT_CONVERSION = YES;
				GCC_WARN_ABOUT_RETURN_TYPE = YES_ERROR;
				GCC_WARN_UNDECLARED_SELECTOR = YES;
				GCC_WARN_UNINITIALIZED_AUTOS = YES_AGGRESSIVE;
				GCC_WARN_UNUSED_FUNCTION = YES;
				GCC_WARN_UNUSED_VARIABLE = YES;
				IPHONEOS_DEPLOYMENT_TARGET = 13.5;
				MTL_ENABLE_DEBUG_INFO = NO;
				MTL_FAST_MATH = YES;
				SDKROOT = iphoneos;
				SWIFT_COMPILATION_MODE = wholemodule;
				SWIFT_OPTIMIZATION_LEVEL = "-O";
				VALIDATE_PRODUCT = YES;
			};
			name = Release;
		};
		42F4A4B8248066FA0099F574 /* Debug */ = {
			isa = XCBuildConfiguration;
			baseConfigurationReference = 28AD37C26B9C49634DCA4A45 /* Pods-AlarmTest.debug.xcconfig */;
			buildSettings = {
				ASSETCATALOG_COMPILER_APPICON_NAME = AppIcon;
				CODE_SIGN_STYLE = Automatic;
				DEVELOPMENT_ASSET_PATHS = "\"AlarmTest/Preview Content\"";
				DEVELOPMENT_TEAM = ZQQ33DR3YJ;
				ENABLE_PREVIEWS = YES;
				INFOPLIST_FILE = AlarmTest/Info.plist;
				IPHONEOS_DEPLOYMENT_TARGET = 13.0;
				LD_RUNPATH_SEARCH_PATHS = (
					"$(inherited)",
					"@executable_path/Frameworks",
				);
				PRODUCT_BUNDLE_IDENTIFIER = com.shanejg.AlarmTest;
				PRODUCT_NAME = "$(TARGET_NAME)";
				SWIFT_VERSION = 5.0;
				TARGETED_DEVICE_FAMILY = "1,2";
			};
			name = Debug;
		};
		42F4A4B9248066FA0099F574 /* Release */ = {
			isa = XCBuildConfiguration;
			baseConfigurationReference = 5F55915293B01E98A7967BC4 /* Pods-AlarmTest.release.xcconfig */;
			buildSettings = {
				ASSETCATALOG_COMPILER_APPICON_NAME = AppIcon;
				CODE_SIGN_STYLE = Automatic;
				DEVELOPMENT_ASSET_PATHS = "\"AlarmTest/Preview Content\"";
				DEVELOPMENT_TEAM = ZQQ33DR3YJ;
				ENABLE_PREVIEWS = YES;
				INFOPLIST_FILE = AlarmTest/Info.plist;
				IPHONEOS_DEPLOYMENT_TARGET = 13.0;
				LD_RUNPATH_SEARCH_PATHS = (
					"$(inherited)",
					"@executable_path/Frameworks",
				);
				PRODUCT_BUNDLE_IDENTIFIER = com.shanejg.AlarmTest;
				PRODUCT_NAME = "$(TARGET_NAME)";
				SWIFT_VERSION = 5.0;
				TARGETED_DEVICE_FAMILY = "1,2";
			};
			name = Release;
		};
/* End XCBuildConfiguration section */

/* Begin XCConfigurationList section */
		42F4A49E248066F80099F574 /* Build configuration list for PBXProject "AlarmTest" */ = {
			isa = XCConfigurationList;
			buildConfigurations = (
				42F4A4B5248066FA0099F574 /* Debug */,
				42F4A4B6248066FA0099F574 /* Release */,
			);
			defaultConfigurationIsVisible = 0;
			defaultConfigurationName = Release;
		};
		42F4A4B7248066FA0099F574 /* Build configuration list for PBXNativeTarget "AlarmTest" */ = {
			isa = XCConfigurationList;
			buildConfigurations = (
				42F4A4B8248066FA0099F574 /* Debug */,
				42F4A4B9248066FA0099F574 /* Release */,
			);
			defaultConfigurationIsVisible = 0;
			defaultConfigurationName = Release;
		};
/* End XCConfigurationList section */
	};
	rootObject = 42F4A49B248066F80099F574 /* Project object */;
}
